// !$*UTF8*$!
{
	archiveVersion = 1;
	classes = {
	};
	objectVersion = 50;
	objects = {

/* Begin PBXBuildFile section */
		7F6FC59D25AAB19800F973C3 /* AppDelegate.swift in Sources */ = {isa = PBXBuildFile; fileRef = 7F6FC59C25AAB19800F973C3 /* AppDelegate.swift */; };
		7F6FC59F25AAB19800F973C3 /* SceneDelegate.swift in Sources */ = {isa = PBXBuildFile; fileRef = 7F6FC59E25AAB19800F973C3 /* SceneDelegate.swift */; };
		7F6FC5A125AAB19800F973C3 /* ViewController.swift in Sources */ = {isa = PBXBuildFile; fileRef = 7F6FC5A025AAB19800F973C3 /* ViewController.swift */; };
		7F6FC5A425AAB19800F973C3 /* Main.storyboard in Resources */ = {isa = PBXBuildFile; fileRef = 7F6FC5A225AAB19800F973C3 /* Main.storyboard */; };
		7F6FC5A625AAB19900F973C3 /* Assets.xcassets in Resources */ = {isa = PBXBuildFile; fileRef = 7F6FC5A525AAB19900F973C3 /* Assets.xcassets */; };
		7F6FC5A925AAB19900F973C3 /* LaunchScreen.storyboard in Resources */ = {isa = PBXBuildFile; fileRef = 7F6FC5A725AAB19900F973C3 /* LaunchScreen.storyboard */; };
		7F6FC5B425AAB19900F973C3 /* I_Am_RichTests.swift in Sources */ = {isa = PBXBuildFile; fileRef = 7F6FC5B325AAB19900F973C3 /* I_Am_RichTests.swift */; };
		7F6FC5BF25AAB19900F973C3 /* I_Am_RichUITests.swift in Sources */ = {isa = PBXBuildFile; fileRef = 7F6FC5BE25AAB19900F973C3 /* I_Am_RichUITests.swift */; };
/* End PBXBuildFile section */

/* Begin PBXContainerItemProxy section */
		7F6FC5B025AAB19900F973C3 /* PBXContainerItemProxy */ = {
			isa = PBXContainerItemProxy;
			containerPortal = 7F6FC59125AAB19800F973C3 /* Project object */;
			proxyType = 1;
			remoteGlobalIDString = 7F6FC59825AAB19800F973C3;
			remoteInfo = "I Am Rich";
		};
		7F6FC5BB25AAB19900F973C3 /* PBXContainerItemProxy */ = {
			isa = PBXContainerItemProxy;
			containerPortal = 7F6FC59125AAB19800F973C3 /* Project object */;
			proxyType = 1;
			remoteGlobalIDString = 7F6FC59825AAB19800F973C3;
			remoteInfo = "I Am Rich";
		};
/* End PBXContainerItemProxy section */

/* Begin PBXFileReference section */
		7F6FC59925AAB19800F973C3 /* I Am Rich.app */ = {isa = PBXFileReference; explicitFileType = wrapper.application; includeInIndex = 0; path = "I Am Rich.app"; sourceTree = BUILT_PRODUCTS_DIR; };
		7F6FC59C25AAB19800F973C3 /* AppDelegate.swift */ = {isa = PBXFileReference; lastKnownFileType = sourcecode.swift; path = AppDelegate.swift; sourceTree = "<group>"; };
		7F6FC59E25AAB19800F973C3 /* SceneDelegate.swift */ = {isa = PBXFileReference; lastKnownFileType = sourcecode.swift; path = SceneDelegate.swift; sourceTree = "<group>"; };
		7F6FC5A025AAB19800F973C3 /* ViewController.swift */ = {isa = PBXFileReference; lastKnownFileType = sourcecode.swift; path = ViewController.swift; sourceTree = "<group>"; };
		7F6FC5A325AAB19800F973C3 /* Base */ = {isa = PBXFileReference; lastKnownFileType = file.storyboard; name = Base; path = Base.lproj/Main.storyboard; sourceTree = "<group>"; };
		7F6FC5A525AAB19900F973C3 /* Assets.xcassets */ = {isa = PBXFileReference; lastKnownFileType = folder.assetcatalog; path = Assets.xcassets; sourceTree = "<group>"; };
		7F6FC5A825AAB19900F973C3 /* Base */ = {isa = PBXFileReference; lastKnownFileType = file.storyboard; name = Base; path = Base.lproj/LaunchScreen.storyboard; sourceTree = "<group>"; };
		7F6FC5AA25AAB19900F973C3 /* Info.plist */ = {isa = PBXFileReference; lastKnownFileType = text.plist.xml; path = Info.plist; sourceTree = "<group>"; };
		7F6FC5AF25AAB19900F973C3 /* I Am RichTests.xctest */ = {isa = PBXFileReference; explicitFileType = wrapper.cfbundle; includeInIndex = 0; path = "I Am RichTests.xctest"; sourceTree = BUILT_PRODUCTS_DIR; };
		7F6FC5B325AAB19900F973C3 /* I_Am_RichTests.swift */ = {isa = PBXFileReference; lastKnownFileType = sourcecode.swift; path = I_Am_RichTests.swift; sourceTree = "<group>"; };
		7F6FC5B525AAB19900F973C3 /* Info.plist */ = {isa = PBXFileReference; lastKnownFileType = text.plist.xml; path = Info.plist; sourceTree = "<group>"; };
		7F6FC5BA25AAB19900F973C3 /* I Am RichUITests.xctest */ = {isa = PBXFileReference; explicitFileType = wrapper.cfbundle; includeInIndex = 0; path = "I Am RichUITests.xctest"; sourceTree = BUILT_PRODUCTS_DIR; };
		7F6FC5BE25AAB19900F973C3 /* I_Am_RichUITests.swift */ = {isa = PBXFileReference; lastKnownFileType = sourcecode.swift; path = I_Am_RichUITests.swift; sourceTree = "<group>"; };
		7F6FC5C025AAB19900F973C3 /* Info.plist */ = {isa = PBXFileReference; lastKnownFileType = text.plist.xml; path = Info.plist; sourceTree = "<group>"; };
/* End PBXFileReference section */

/* Begin PBXFrameworksBuildPhase section */
		7F6FC59625AAB19800F973C3 /* Frameworks */ = {
			isa = PBXFrameworksBuildPhase;
			buildActionMask = 2147483647;
			files = (
			);
			runOnlyForDeploymentPostprocessing = 0;
		};
		7F6FC5AC25AAB19900F973C3 /* Frameworks */ = {
			isa = PBXFrameworksBuildPhase;
			buildActionMask = 2147483647;
			files = (
			);
			runOnlyForDeploymentPostprocessing = 0;
		};
		7F6FC5B725AAB19900F973C3 /* Frameworks */ = {
			isa = PBXFrameworksBuildPhase;
			buildActionMask = 2147483647;
			files = (
			);
			runOnlyForDeploymentPostprocessing = 0;
		};
/* End PBXFrameworksBuildPhase section */

/* Begin PBXGroup section */
		7F6FC59025AAB19800F973C3 = {
			isa = PBXGroup;
			children = (
				7F6FC59B25AAB19800F973C3 /* I Am Rich */,
				7F6FC5B225AAB19900F973C3 /* I Am RichTests */,
				7F6FC5BD25AAB19900F973C3 /* I Am RichUITests */,
				7F6FC59A25AAB19800F973C3 /* Products */,
			);
			sourceTree = "<group>";
		};
		7F6FC59A25AAB19800F973C3 /* Products */ = {
			isa = PBXGroup;
			children = (
				7F6FC59925AAB19800F973C3 /* I Am Rich.app */,
				7F6FC5AF25AAB19900F973C3 /* I Am RichTests.xctest */,
				7F6FC5BA25AAB19900F973C3 /* I Am RichUITests.xctest */,
			);
			name = Products;
			sourceTree = "<group>";
		};
		7F6FC59B25AAB19800F973C3 /* I Am Rich */ = {
			isa = PBXGroup;
			children = (
				7F6FC59C25AAB19800F973C3 /* AppDelegate.swift */,
				7F6FC59E25AAB19800F973C3 /* SceneDelegate.swift */,
				7F6FC5A025AAB19800F973C3 /* ViewController.swift */,
				7F6FC5A225AAB19800F973C3 /* Main.storyboard */,
				7F6FC5A525AAB19900F973C3 /* Assets.xcassets */,
				7F6FC5A725AAB19900F973C3 /* LaunchScreen.storyboard */,
				7F6FC5AA25AAB19900F973C3 /* Info.plist */,
			);
			path = "I Am Rich";
			sourceTree = "<group>";
		};
		7F6FC5B225AAB19900F973C3 /* I Am RichTests */ = {
			isa = PBXGroup;
			children = (
				7F6FC5B325AAB19900F973C3 /* I_Am_RichTests.swift */,
				7F6FC5B525AAB19900F973C3 /* Info.plist */,
			);
			path = "I Am RichTests";
			sourceTree = "<group>";
		};
		7F6FC5BD25AAB19900F973C3 /* I Am RichUITests */ = {
			isa = PBXGroup;
			children = (
				7F6FC5BE25AAB19900F973C3 /* I_Am_RichUITests.swift */,
				7F6FC5C025AAB19900F973C3 /* Info.plist */,
			);
			path = "I Am RichUITests";
			sourceTree = "<group>";
		};
/* End PBXGroup section */

/* Begin PBXNativeTarget section */
		7F6FC59825AAB19800F973C3 /* I Am Rich */ = {
			isa = PBXNativeTarget;
			buildConfigurationList = 7F6FC5C325AAB19900F973C3 /* Build configuration list for PBXNativeTarget "I Am Rich" */;
			buildPhases = (
				7F6FC59525AAB19800F973C3 /* Sources */,
				7F6FC59625AAB19800F973C3 /* Frameworks */,
				7F6FC59725AAB19800F973C3 /* Resources */,
			);
			buildRules = (
			);
			dependencies = (
			);
			name = "I Am Rich";
			productName = "I Am Rich";
			productReference = 7F6FC59925AAB19800F973C3 /* I Am Rich.app */;
			productType = "com.apple.product-type.application";
		};
		7F6FC5AE25AAB19900F973C3 /* I Am RichTests */ = {
			isa = PBXNativeTarget;
			buildConfigurationList = 7F6FC5C625AAB19900F973C3 /* Build configuration list for PBXNativeTarget "I Am RichTests" */;
			buildPhases = (
				7F6FC5AB25AAB19900F973C3 /* Sources */,
				7F6FC5AC25AAB19900F973C3 /* Frameworks */,
				7F6FC5AD25AAB19900F973C3 /* Resources */,
			);
			buildRules = (
			);
			dependencies = (
				7F6FC5B125AAB19900F973C3 /* PBXTargetDependency */,
			);
			name = "I Am RichTests";
			productName = "I Am RichTests";
			productReference = 7F6FC5AF25AAB19900F973C3 /* I Am RichTests.xctest */;
			productType = "com.apple.product-type.bundle.unit-test";
		};
		7F6FC5B925AAB19900F973C3 /* I Am RichUITests */ = {
			isa = PBXNativeTarget;
			buildConfigurationList = 7F6FC5C925AAB19900F973C3 /* Build configuration list for PBXNativeTarget "I Am RichUITests" */;
			buildPhases = (
				7F6FC5B625AAB19900F973C3 /* Sources */,
				7F6FC5B725AAB19900F973C3 /* Frameworks */,
				7F6FC5B825AAB19900F973C3 /* Resources */,
			);
			buildRules = (
			);
			dependencies = (
				7F6FC5BC25AAB19900F973C3 /* PBXTargetDependency */,
			);
			name = "I Am RichUITests";
			productName = "I Am RichUITests";
			productReference = 7F6FC5BA25AAB19900F973C3 /* I Am RichUITests.xctest */;
			productType = "com.apple.product-type.bundle.ui-testing";
		};
/* End PBXNativeTarget section */

/* Begin PBXProject section */
		7F6FC59125AAB19800F973C3 /* Project object */ = {
			isa = PBXProject;
			attributes = {
				LastSwiftUpdateCheck = 1230;
				LastUpgradeCheck = 1230;
				TargetAttributes = {
					7F6FC59825AAB19800F973C3 = {
						CreatedOnToolsVersion = 12.3;
					};
					7F6FC5AE25AAB19900F973C3 = {
						CreatedOnToolsVersion = 12.3;
						TestTargetID = 7F6FC59825AAB19800F973C3;
					};
					7F6FC5B925AAB19900F973C3 = {
						CreatedOnToolsVersion = 12.3;
						TestTargetID = 7F6FC59825AAB19800F973C3;
					};
				};
			};
			buildConfigurationList = 7F6FC59425AAB19800F973C3 /* Build configuration list for PBXProject "I Am Rich" */;
			compatibilityVersion = "Xcode 9.3";
			developmentRegion = en;
			hasScannedForEncodings = 0;
			knownRegions = (
				en,
				Base,
			);
			mainGroup = 7F6FC59025AAB19800F973C3;
			productRefGroup = 7F6FC59A25AAB19800F973C3 /* Products */;
			projectDirPath = "";
			projectRoot = "";
			targets = (
				7F6FC59825AAB19800F973C3 /* I Am Rich */,
				7F6FC5AE25AAB19900F973C3 /* I Am RichTests */,
				7F6FC5B925AAB19900F973C3 /* I Am RichUITests */,
			);
		};
/* End PBXProject section */

/* Begin PBXResourcesBuildPhase section */
		7F6FC59725AAB19800F973C3 /* Resources */ = {
			isa = PBXResourcesBuildPhase;
			buildActionMask = 2147483647;
			files = (
				7F6FC5A925AAB19900F973C3 /* LaunchScreen.storyboard in Resources */,
				7F6FC5A625AAB19900F973C3 /* Assets.xcassets in Resources */,
				7F6FC5A425AAB19800F973C3 /* Main.storyboard in Resources */,
			);
			runOnlyForDeploymentPostprocessing = 0;
		};
		7F6FC5AD25AAB19900F973C3 /* Resources */ = {
			isa = PBXResourcesBuildPhase;
			buildActionMask = 2147483647;
			files = (
			);
			runOnlyForDeploymentPostprocessing = 0;
		};
		7F6FC5B825AAB19900F973C3 /* Resources */ = {
			isa = PBXResourcesBuildPhase;
			buildActionMask = 2147483647;
			files = (
			);
			runOnlyForDeploymentPostprocessing = 0;
		};
/* End PBXResourcesBuildPhase section */

/* Begin PBXSourcesBuildPhase section */
		7F6FC59525AAB19800F973C3 /* Sources */ = {
			isa = PBXSourcesBuildPhase;
			buildActionMask = 2147483647;
			files = (
				7F6FC5A125AAB19800F973C3 /* ViewController.swift in Sources */,
				7F6FC59D25AAB19800F973C3 /* AppDelegate.swift in Sources */,
				7F6FC59F25AAB19800F973C3 /* SceneDelegate.swift in Sources */,
			);
			runOnlyForDeploymentPostprocessing = 0;
		};
		7F6FC5AB25AAB19900F973C3 /* Sources */ = {
			isa = PBXSourcesBuildPhase;
			buildActionMask = 2147483647;
			files = (
				7F6FC5B425AAB19900F973C3 /* I_Am_RichTests.swift in Sources */,
			);
			runOnlyForDeploymentPostprocessing = 0;
		};
		7F6FC5B625AAB19900F973C3 /* Sources */ = {
			isa = PBXSourcesBuildPhase;
			buildActionMask = 2147483647;
			files = (
				7F6FC5BF25AAB19900F973C3 /* I_Am_RichUITests.swift in Sources */,
			);
			runOnlyForDeploymentPostprocessing = 0;
		};
/* End PBXSourcesBuildPhase section */

/* Begin PBXTargetDependency section */
		7F6FC5B125AAB19900F973C3 /* PBXTargetDependency */ = {
			isa = PBXTargetDependency;
			target = 7F6FC59825AAB19800F973C3 /* I Am Rich */;
			targetProxy = 7F6FC5B025AAB19900F973C3 /* PBXContainerItemProxy */;
		};
		7F6FC5BC25AAB19900F973C3 /* PBXTargetDependency */ = {
			isa = PBXTargetDependency;
			target = 7F6FC59825AAB19800F973C3 /* I Am Rich */;
			targetProxy = 7F6FC5BB25AAB19900F973C3 /* PBXContainerItemProxy */;
		};
/* End PBXTargetDependency section */

/* Begin PBXVariantGroup section */
		7F6FC5A225AAB19800F973C3 /* Main.storyboard */ = {
			isa = PBXVariantGroup;
			children = (
				7F6FC5A325AAB19800F973C3 /* Base */,
			);
			name = Main.storyboard;
			sourceTree = "<group>";
		};
		7F6FC5A725AAB19900F973C3 /* LaunchScreen.storyboard */ = {
			isa = PBXVariantGroup;
			children = (
				7F6FC5A825AAB19900F973C3 /* Base */,
			);
			name = LaunchScreen.storyboard;
			sourceTree = "<group>";
		};
/* End PBXVariantGroup section */

/* Begin XCBuildConfiguration section */
		7F6FC5C125AAB19900F973C3 /* Debug */ = {
			isa = XCBuildConfiguration;
			buildSettings = {
				ALWAYS_SEARCH_USER_PATHS = NO;
				CLANG_ANALYZER_NONNULL = YES;
				CLANG_ANALYZER_NUMBER_OBJECT_CONVERSION = YES_AGGRESSIVE;
				CLANG_CXX_LANGUAGE_STANDARD = "gnu++14";
				CLANG_CXX_LIBRARY = "libc++";
				CLANG_ENABLE_MODULES = YES;
				CLANG_ENABLE_OBJC_ARC = YES;
				CLANG_ENABLE_OBJC_WEAK = YES;
				CLANG_WARN_BLOCK_CAPTURE_AUTORELEASING = YES;
				CLANG_WARN_BOOL_CONVERSION = YES;
				CLANG_WARN_COMMA = YES;
				CLANG_WARN_CONSTANT_CONVERSION = YES;
				CLANG_WARN_DEPRECATED_OBJC_IMPLEMENTATIONS = YES;
				CLANG_WARN_DIRECT_OBJC_ISA_USAGE = YES_ERROR;
				CLANG_WARN_DOCUMENTATION_COMMENTS = YES;
				CLANG_WARN_EMPTY_BODY = YES;
				CLANG_WARN_ENUM_CONVERSION = YES;
				CLANG_WARN_INFINITE_RECURSION = YES;
				CLANG_WARN_INT_CONVERSION = YES;
				CLANG_WARN_NON_LITERAL_NULL_CONVERSION = YES;
				CLANG_WARN_OBJC_IMPLICIT_RETAIN_SELF = YES;
				CLANG_WARN_OBJC_LITERAL_CONVERSION = YES;
				CLANG_WARN_OBJC_ROOT_CLASS = YES_ERROR;
				CLANG_WARN_QUOTED_INCLUDE_IN_FRAMEWORK_HEADER = YES;
				CLANG_WARN_RANGE_LOOP_ANALYSIS = YES;
				CLANG_WARN_STRICT_PROTOTYPES = YES;
				CLANG_WARN_SUSPICIOUS_MOVE = YES;
				CLANG_WARN_UNGUARDED_AVAILABILITY = YES_AGGRESSIVE;
				CLANG_WARN_UNREACHABLE_CODE = YES;
				CLANG_WARN__DUPLICATE_METHOD_MATCH = YES;
				COPY_PHASE_STRIP = NO;
				DEBUG_INFORMATION_FORMAT = dwarf;
				ENABLE_STRICT_OBJC_MSGSEND = YES;
				ENABLE_TESTABILITY = YES;
				GCC_C_LANGUAGE_STANDARD = gnu11;
				GCC_DYNAMIC_NO_PIC = NO;
				GCC_NO_COMMON_BLOCKS = YES;
				GCC_OPTIMIZATION_LEVEL = 0;
				GCC_PREPROCESSOR_DEFINITIONS = (
					"DEBUG=1",
					"$(inherited)",
				);
				GCC_WARN_64_TO_32_BIT_CONVERSION = YES;
				GCC_WARN_ABOUT_RETURN_TYPE = YES_ERROR;
				GCC_WARN_UNDECLARED_SELECTOR = YES;
				GCC_WARN_UNINITIALIZED_AUTOS = YES_AGGRESSIVE;
				GCC_WARN_UNUSED_FUNCTION = YES;
				GCC_WARN_UNUSED_VARIABLE = YES;
				IPHONEOS_DEPLOYMENT_TARGET = 14.3;
				MTL_ENABLE_DEBUG_INFO = INCLUDE_SOURCE;
				MTL_FAST_MATH = YES;
				ONLY_ACTIVE_ARCH = YES;
				SDKROOT = iphoneos;
				SWIFT_ACTIVE_COMPILATION_CONDITIONS = DEBUG;
				SWIFT_OPTIMIZATION_LEVEL = "-Onone";
			};
			name = Debug;
		};
		7F6FC5C225AAB19900F973C3 /* Release */ = {
			isa = XCBuildConfiguration;
			buildSettings = {
				ALWAYS_SEARCH_USER_PATHS = NO;
				CLANG_ANALYZER_NONNULL = YES;
				CLANG_ANALYZER_NUMBER_OBJECT_CONVERSION = YES_AGGRESSIVE;
				CLANG_CXX_LANGUAGE_STANDARD = "gnu++14";
				CLANG_CXX_LIBRARY = "libc++";
				CLANG_ENABLE_MODULES = YES;
				CLANG_ENABLE_OBJC_ARC = YES;
				CLANG_ENABLE_OBJC_WEAK = YES;
				CLANG_WARN_BLOCK_CAPTURE_AUTORELEASING = YES;
				CLANG_WARN_BOOL_CONVERSION = YES;
				CLANG_WARN_COMMA = YES;
				CLANG_WARN_CONSTANT_CONVERSION = YES;
				CLANG_WARN_DEPRECATED_OBJC_IMPLEMENTATIONS = YES;
				CLANG_WARN_DIRECT_OBJC_ISA_USAGE = YES_ERROR;
				CLANG_WARN_DOCUMENTATION_COMMENTS = YES;
				CLANG_WARN_EMPTY_BODY = YES;
				CLANG_WARN_ENUM_CONVERSION = YES;
				CLANG_WARN_INFINITE_RECURSION = YES;
				CLANG_WARN_INT_CONVERSION = YES;
				CLANG_WARN_NON_LITERAL_NULL_CONVERSION = YES;
				CLANG_WARN_OBJC_IMPLICIT_RETAIN_SELF = YES;
				CLANG_WARN_OBJC_LITERAL_CONVERSION = YES;
				CLANG_WARN_OBJC_ROOT_CLASS = YES_ERROR;
				CLANG_WARN_QUOTED_INCLUDE_IN_FRAMEWORK_HEADER = YES;
				CLANG_WARN_RANGE_LOOP_ANALYSIS = YES;
				CLANG_WARN_STRICT_PROTOTYPES = YES;
				CLANG_WARN_SUSPICIOUS_MOVE = YES;
				CLANG_WARN_UNGUARDED_AVAILABILITY = YES_AGGRESSIVE;
				CLANG_WARN_UNREACHABLE_CODE = YES;
				CLANG_WARN__DUPLICATE_METHOD_MATCH = YES;
				COPY_PHASE_STRIP = NO;
				DEBUG_INFORMATION_FORMAT = "dwarf-with-dsym";
				ENABLE_NS_ASSERTIONS = NO;
				ENABLE_STRICT_OBJC_MSGSEND = YES;
				GCC_C_LANGUAGE_STANDARD = gnu11;
				GCC_NO_COMMON_BLOCKS = YES;
				GCC_WARN_64_TO_32_BIT_CONVERSION = YES;
				GCC_WARN_ABOUT_RETURN_TYPE = YES_ERROR;
				GCC_WARN_UNDECLARED_SELECTOR = YES;
				GCC_WARN_UNINITIALIZED_AUTOS = YES_AGGRESSIVE;
				GCC_WARN_UNUSED_FUNCTION = YES;
				GCC_WARN_UNUSED_VARIABLE = YES;
				IPHONEOS_DEPLOYMENT_TARGET = 14.3;
				MTL_ENABLE_DEBUG_INFO = NO;
				MTL_FAST_MATH = YES;
				SDKROOT = iphoneos;
				SWIFT_COMPILATION_MODE = wholemodule;
				SWIFT_OPTIMIZATION_LEVEL = "-O";
				VALIDATE_PRODUCT = YES;
			};
			name = Release;
		};
		7F6FC5C425AAB19900F973C3 /* Debug */ = {
			isa = XCBuildConfiguration;
			buildSettings = {
				ASSETCATALOG_COMPILER_APPICON_NAME = AppIcon;
				ASSETCATALOG_COMPILER_GLOBAL_ACCENT_COLOR_NAME = AccentColor;
				CODE_SIGN_STYLE = Automatic;
				INFOPLIST_FILE = "I Am Rich/Info.plist";
				IPHONEOS_DEPLOYMENT_TARGET = 14.3;
				LD_RUNPATH_SEARCH_PATHS = (
					"$(inherited)",
					"@executable_path/Frameworks",
				);
				PRODUCT_BUNDLE_IDENTIFIER = "com.portkeys.I-Am-Rich";
				PRODUCT_NAME = "$(TARGET_NAME)";
				SWIFT_VERSION = 5.0;
				TARGETED_DEVICE_FAMILY = "1,2";
			};
			name = Debug;
		};
		7F6FC5C525AAB19900F973C3 /* Release */ = {
			isa = XCBuildConfiguration;
			buildSettings = {
				ASSETCATALOG_COMPILER_APPICON_NAME = AppIcon;
				ASSETCATALOG_COMPILER_GLOBAL_ACCENT_COLOR_NAME = AccentColor;
				CODE_SIGN_STYLE = Automatic;
				INFOPLIST_FILE = "I Am Rich/Info.plist";
				IPHONEOS_DEPLOYMENT_TARGET = 14.3;
				LD_RUNPATH_SEARCH_PATHS = (
					"$(inherited)",
					"@executable_path/Frameworks",
				);
				PRODUCT_BUNDLE_IDENTIFIER = "com.portkeys.I-Am-Rich";
				PRODUCT_NAME = "$(TARGET_NAME)";
				SWIFT_VERSION = 5.0;
				TARGETED_DEVICE_FAMILY = "1,2";
			};
			name = Release;
		};
		7F6FC5C725AAB19900F973C3 /* Debug */ = {
			isa = XCBuildConfiguration;
			buildSettings = {
				ALWAYS_EMBED_SWIFT_STANDARD_LIBRARIES = YES;
				BUNDLE_LOADER = "$(TEST_HOST)";
				CODE_SIGN_STYLE = Automatic;
				INFOPLIST_FILE = "I Am RichTests/Info.plist";
				IPHONEOS_DEPLOYMENT_TARGET = 14.3;
				LD_RUNPATH_SEARCH_PATHS = (
					"$(inherited)",
					"@executable_path/Frameworks",
					"@loader_path/Frameworks",
				);
				PRODUCT_BUNDLE_IDENTIFIER = "com.portkeys.I-Am-RichTests";
				PRODUCT_NAME = "$(TARGET_NAME)";
				SWIFT_VERSION = 5.0;
				TARGETED_DEVICE_FAMILY = "1,2";
				TEST_HOST = "$(BUILT_PRODUCTS_DIR)/I Am Rich.app/I Am Rich";
			};
			name = Debug;
		};
		7F6FC5C825AAB19900F973C3 /* Release */ = {
			isa = XCBuildConfiguration;
			buildSettings = {
				ALWAYS_EMBED_SWIFT_STANDARD_LIBRARIES = YES;
				BUNDLE_LOADER = "$(TEST_HOST)";
				CODE_SIGN_STYLE = Automatic;
				INFOPLIST_FILE = "I Am RichTests/Info.plist";
				IPHONEOS_DEPLOYMENT_TARGET = 14.3;
				LD_RUNPATH_SEARCH_PATHS = (
					"$(inherited)",
					"@executable_path/Frameworks",
					"@loader_path/Frameworks",
				);
				PRODUCT_BUNDLE_IDENTIFIER = "com.portkeys.I-Am-RichTests";
				PRODUCT_NAME = "$(TARGET_NAME)";
				SWIFT_VERSION = 5.0;
				TARGETED_DEVICE_FAMILY = "1,2";
				TEST_HOST = "$(BUILT_PRODUCTS_DIR)/I Am Rich.app/I Am Rich";
			};
			name = Release;
		};
		7F6FC5CA25AAB19900F973C3 /* Debug */ = {
			isa = XCBuildConfiguration;
			buildSettings = {
				ALWAYS_EMBED_SWIFT_STANDARD_LIBRARIES = YES;
				CODE_SIGN_STYLE = Automatic;
				INFOPLIST_FILE = "I Am RichUITests/Info.plist";
				LD_RUNPATH_SEARCH_PATHS = (
					"$(inherited)",
					"@executable_path/Frameworks",
					"@loader_path/Frameworks",
				);
				PRODUCT_BUNDLE_IDENTIFIER = "com.portkeys.I-Am-RichUITests";
				PRODUCT_NAME = "$(TARGET_NAME)";
				SWIFT_VERSION = 5.0;
				TARGETED_DEVICE_FAMILY = "1,2";
				TEST_TARGET_NAME = "I Am Rich";
			};
			name = Debug;
		};
		7F6FC5CB25AAB19900F973C3 /* Release */ = {
			isa = XCBuildConfiguration;
			buildSettings = {
				ALWAYS_EMBED_SWIFT_STANDARD_LIBRARIES = YES;
				CODE_SIGN_STYLE = Automatic;
				INFOPLIST_FILE = "I Am RichUITests/Info.plist";
				LD_RUNPATH_SEARCH_PATHS = (
					"$(inherited)",
					"@executable_path/Frameworks",
					"@loader_path/Frameworks",
				);
				PRODUCT_BUNDLE_IDENTIFIER = "com.portkeys.I-Am-RichUITests";
				PRODUCT_NAME = "$(TARGET_NAME)";
				SWIFT_VERSION = 5.0;
				TARGETED_DEVICE_FAMILY = "1,2";
				TEST_TARGET_NAME = "I Am Rich";
			};
			name = Release;
		};
/* End XCBuildConfiguration section */

/* Begin XCConfigurationList section */
		7F6FC59425AAB19800F973C3 /* Build configuration list for PBXProject "I Am Rich" */ = {
			isa = XCConfigurationList;
			buildConfigurations = (
				7F6FC5C125AAB19900F973C3 /* Debug */,
				7F6FC5C225AAB19900F973C3 /* Release */,
			);
			defaultConfigurationIsVisible = 0;
			defaultConfigurationName = Release;
		};
		7F6FC5C325AAB19900F973C3 /* Build configuration list for PBXNativeTarget "I Am Rich" */ = {
			isa = XCConfigurationList;
			buildConfigurations = (
				7F6FC5C425AAB19900F973C3 /* Debug */,
				7F6FC5C525AAB19900F973C3 /* Release */,
			);
			defaultConfigurationIsVisible = 0;
			defaultConfigurationName = Release;
		};
		7F6FC5C625AAB19900F973C3 /* Build configuration list for PBXNativeTarget "I Am RichTests" */ = {
			isa = XCConfigurationList;
			buildConfigurations = (
				7F6FC5C725AAB19900F973C3 /* Debug */,
				7F6FC5C825AAB19900F973C3 /* Release */,
			);
			defaultConfigurationIsVisible = 0;
			defaultConfigurationName = Release;
		};
		7F6FC5C925AAB19900F973C3 /* Build configuration list for PBXNativeTarget "I Am RichUITests" */ = {
			isa = XCConfigurationList;
			buildConfigurations = (
				7F6FC5CA25AAB19900F973C3 /* Debug */,
				7F6FC5CB25AAB19900F973C3 /* Release */,
			);
			defaultConfigurationIsVisible = 0;
			defaultConfigurationName = Release;
		};
/* End XCConfigurationList section */
	};
	rootObject = 7F6FC59125AAB19800F973C3 /* Project object */;
}
